
Microsoft Visual Studio Solution File, Format Version 12.00
# Visual Studio Version 17
VisualStudioVersion = 17.3.32825.248
MinimumVisualStudioVersion = 10.0.40219.1
Project("{FAE04EC0-301F-11D3-BF4B-00C04F79EFBC}") = "AplCall", "AplCall\AplCall.csproj", "{DCBF3E14-E24D-42DF-8EEC-214278A8B82F}"
EndProject
Project("{FAE04EC0-301F-11D3-BF4B-00C04F79EFBC}") = "Apl", "App\Apl.csproj", "{CFA958FD-6B02-4C09-95CA-1BA4601485D1}"
EndProject
Global
	GlobalSection(SolutionConfigurationPlatforms) = preSolution
		Debug|Any CPU = Debug|Any CPU
		Release|Any CPU = Release|Any CPU
	EndGlobalSection
	GlobalSection(ProjectConfigurationPlatforms) = postSolution
		{DCBF3E14-E24D-42DF-8EEC-214278A8B82F}.Debug|Any CPU.ActiveCfg = Debug|Any CPU
		{DCBF3E14-E24D-42DF-8EEC-214278A8B82F}.Debug|Any CPU.Build.0 = Debug|Any CPU
		{DCBF3E14-E24D-42DF-8EEC-214278A8B82F}.Release|Any CPU.ActiveCfg = Release|Any CPU
		{DCBF3E14-E24D-42DF-8EEC-214278A8B82F}.Release|Any CPU.Build.0 = Release|Any CPU
		{CFA958FD-6B02-4C09-95CA-1BA4601485D1}.Debug|Any CPU.ActiveCfg = Debug|Any CPU
		{CFA958FD-6B02-4C09-95CA-1BA4601485D1}.Debug|Any CPU.Build.0 = Debug|Any CPU
		{CFA958FD-6B02-4C09-95CA-1BA4601485D1}.Release|Any CPU.ActiveCfg = Release|Any CPU
		{CFA958FD-6B02-4C09-95CA-1BA4601485D1}.Release|Any CPU.Build.0 = Release|Any CPU
	EndGlobalSection
	GlobalSection(SolutionProperties) = preSolution
		HideSolutionNode = FALSE
	EndGlobalSection
	GlobalSection(ExtensibilityGlobals) = postSolution
		SolutionGuid = {8FDF8C41-058E-4D59-BF22-4D50C6F6EDB5}
	EndGlobalSection
EndGlobal
